# This file is automatically @generated by Cargo.
# It is not intended for manual editing.
version = 3

[[package]]
name = "advent_of_code"
version = "0.1.0"

[[package]]
name = "advent_of_code_22_day_1_1"
version = "0.1.0"

[[package]]
name = "advent_of_code_22_day_1_2"
version = "0.1.0"

[[package]]
name = "advent_of_code_22_day_2"
version = "0.1.0"

[[package]]
name = "advent_of_code_22_day_3"
version = "0.1.0"

[[package]]
name = "advent_of_code_22_day_4"
version = "0.1.0"

[[package]]
name = "day01"
version = "0.1.0"

[[package]]
name = "day02"
version = "0.1.0"
